// !$*UTF8*$!
{
	archiveVersion = 1;
	classes = {
	};
	objectVersion = 56;
	objects = {

/* Begin PBXBuildFile section */
		214439892BCEB0AC006950E4 /* Worry_BinApp.swift in Sources */ = {isa = PBXBuildFile; fileRef = 214439882BCEB0AC006950E4 /* Worry_BinApp.swift */; };
		2144398B2BCEB0AC006950E4 /* ContentView.swift in Sources */ = {isa = PBXBuildFile; fileRef = 2144398A2BCEB0AC006950E4 /* ContentView.swift */; };
		2144398D2BCEB0AD006950E4 /* Assets.xcassets in Resources */ = {isa = PBXBuildFile; fileRef = 2144398C2BCEB0AD006950E4 /* Assets.xcassets */; };
		214439902BCEB0AD006950E4 /* Preview Assets.xcassets in Resources */ = {isa = PBXBuildFile; fileRef = 2144398F2BCEB0AD006950E4 /* Preview Assets.xcassets */; };
		21953D1E2BD0E19200B3958E /* flute.mp3 in Resources */ = {isa = PBXBuildFile; fileRef = 21953D1D2BD0E19200B3958E /* flute.mp3 */; };
		21953D202BD0E29D00B3958E /* clap.mp3 in Resources */ = {isa = PBXBuildFile; fileRef = 21953D1F2BD0E29D00B3958E /* clap.mp3 */; };
		21D4288F2BD136BF00C02F8F /* AppDelegate.swift in Sources */ = {isa = PBXBuildFile; fileRef = 21D4288E2BD136BF00C02F8F /* AppDelegate.swift */; };
		21D428992BD1596A00C02F8F /* ViewModel.swift in Sources */ = {isa = PBXBuildFile; fileRef = 21D428982BD1596A00C02F8F /* ViewModel.swift */; };
		21D4289B2BD1598A00C02F8F /* DataManager.swift in Sources */ = {isa = PBXBuildFile; fileRef = 21D4289A2BD1598A00C02F8F /* DataManager.swift */; };
/* End PBXBuildFile section */

/* Begin PBXFileReference section */
		214439852BCEB0AC006950E4 /* Worry Bin.app */ = {isa = PBXFileReference; explicitFileType = wrapper.application; includeInIndex = 0; path = "Worry Bin.app"; sourceTree = BUILT_PRODUCTS_DIR; };
		214439882BCEB0AC006950E4 /* Worry_BinApp.swift */ = {isa = PBXFileReference; lastKnownFileType = sourcecode.swift; path = Worry_BinApp.swift; sourceTree = "<group>"; };
		2144398A2BCEB0AC006950E4 /* ContentView.swift */ = {isa = PBXFileReference; lastKnownFileType = sourcecode.swift; path = ContentView.swift; sourceTree = "<group>"; };
		2144398C2BCEB0AD006950E4 /* Assets.xcassets */ = {isa = PBXFileReference; lastKnownFileType = folder.assetcatalog; path = Assets.xcassets; sourceTree = "<group>"; };
		2144398F2BCEB0AD006950E4 /* Preview Assets.xcassets */ = {isa = PBXFileReference; lastKnownFileType = folder.assetcatalog; path = "Preview Assets.xcassets"; sourceTree = "<group>"; };
		21953D1D2BD0E19200B3958E /* flute.mp3 */ = {isa = PBXFileReference; lastKnownFileType = audio.mp3; path = flute.mp3; sourceTree = "<group>"; };
		21953D1F2BD0E29D00B3958E /* clap.mp3 */ = {isa = PBXFileReference; lastKnownFileType = audio.mp3; path = clap.mp3; sourceTree = "<group>"; };
		21D4288E2BD136BF00C02F8F /* AppDelegate.swift */ = {isa = PBXFileReference; lastKnownFileType = sourcecode.swift; path = AppDelegate.swift; sourceTree = "<group>"; };
		21D428982BD1596A00C02F8F /* ViewModel.swift */ = {isa = PBXFileReference; lastKnownFileType = sourcecode.swift; path = ViewModel.swift; sourceTree = "<group>"; };
		21D4289A2BD1598A00C02F8F /* DataManager.swift */ = {isa = PBXFileReference; lastKnownFileType = sourcecode.swift; path = DataManager.swift; sourceTree = "<group>"; };
/* End PBXFileReference section */

/* Begin PBXFrameworksBuildPhase section */
		214439822BCEB0AC006950E4 /* Frameworks */ = {
			isa = PBXFrameworksBuildPhase;
			buildActionMask = 2147483647;
			files = (
			);
			runOnlyForDeploymentPostprocessing = 0;
		};
/* End PBXFrameworksBuildPhase section */

/* Begin PBXGroup section */
		2144397C2BCEB0AC006950E4 = {
			isa = PBXGroup;
			children = (
				214439872BCEB0AC006950E4 /* Worry Bin */,
				214439862BCEB0AC006950E4 /* Products */,
			);
			sourceTree = "<group>";
		};
		214439862BCEB0AC006950E4 /* Products */ = {
			isa = PBXGroup;
			children = (
				214439852BCEB0AC006950E4 /* Worry Bin.app */,
			);
			name = Products;
			sourceTree = "<group>";
		};
		214439872BCEB0AC006950E4 /* Worry Bin */ = {
			isa = PBXGroup;
			children = (
				214439882BCEB0AC006950E4 /* Worry_BinApp.swift */,
				2144398A2BCEB0AC006950E4 /* ContentView.swift */,
				21D428982BD1596A00C02F8F /* ViewModel.swift */,
				21D4289A2BD1598A00C02F8F /* DataManager.swift */,
				21D4288E2BD136BF00C02F8F /* AppDelegate.swift */,
				2144398C2BCEB0AD006950E4 /* Assets.xcassets */,
				21953D1D2BD0E19200B3958E /* flute.mp3 */,
				21953D1F2BD0E29D00B3958E /* clap.mp3 */,
				2144398E2BCEB0AD006950E4 /* Preview Content */,
			);
			path = "Worry Bin";
			sourceTree = "<group>";
		};
		2144398E2BCEB0AD006950E4 /* Preview Content */ = {
			isa = PBXGroup;
			children = (
				2144398F2BCEB0AD006950E4 /* Preview Assets.xcassets */,
			);
			path = "Preview Content";
			sourceTree = "<group>";
		};
/* End PBXGroup section */

/* Begin PBXNativeTarget section */
		214439842BCEB0AC006950E4 /* Worry Bin */ = {
			isa = PBXNativeTarget;
			buildConfigurationList = 214439932BCEB0AD006950E4 /* Build configuration list for PBXNativeTarget "Worry Bin" */;
			buildPhases = (
				214439812BCEB0AC006950E4 /* Sources */,
				214439822BCEB0AC006950E4 /* Frameworks */,
				214439832BCEB0AC006950E4 /* Resources */,
			);
			buildRules = (
			);
			dependencies = (
			);
			name = "Worry Bin";
			productName = "Worry Bin";
			productReference = 214439852BCEB0AC006950E4 /* Worry Bin.app */;
			productType = "com.apple.product-type.application";
		};
/* End PBXNativeTarget section */

/* Begin PBXProject section */
		2144397D2BCEB0AC006950E4 /* Project object */ = {
			isa = PBXProject;
			attributes = {
				BuildIndependentTargetsInParallel = 1;
				LastSwiftUpdateCheck = 1520;
				LastUpgradeCheck = 1520;
				TargetAttributes = {
					214439842BCEB0AC006950E4 = {
						CreatedOnToolsVersion = 15.2;
					};
				};
			};
			buildConfigurationList = 214439802BCEB0AC006950E4 /* Build configuration list for PBXProject "Worry Bin" */;
			compatibilityVersion = "Xcode 14.0";
			developmentRegion = en;
			hasScannedForEncodings = 0;
			knownRegions = (
				en,
				Base,
			);
			mainGroup = 2144397C2BCEB0AC006950E4;
			productRefGroup = 214439862BCEB0AC006950E4 /* Products */;
			projectDirPath = "";
			projectRoot = "";
			targets = (
				214439842BCEB0AC006950E4 /* Worry Bin */,
			);
		};
/* End PBXProject section */

/* Begin PBXResourcesBuildPhase section */
		214439832BCEB0AC006950E4 /* Resources */ = {
			isa = PBXResourcesBuildPhase;
			buildActionMask = 2147483647;
			files = (
				21953D1E2BD0E19200B3958E /* flute.mp3 in Resources */,
				214439902BCEB0AD006950E4 /* Preview Assets.xcassets in Resources */,
				21953D202BD0E29D00B3958E /* clap.mp3 in Resources */,
				2144398D2BCEB0AD006950E4 /* Assets.xcassets in Resources */,
			);
			runOnlyForDeploymentPostprocessing = 0;
		};
/* End PBXResourcesBuildPhase section */

/* Begin PBXSourcesBuildPhase section */
		214439812BCEB0AC006950E4 /* Sources */ = {
			isa = PBXSourcesBuildPhase;
			buildActionMask = 2147483647;
			files = (
				2144398B2BCEB0AC006950E4 /* ContentView.swift in Sources */,
				21D4289B2BD1598A00C02F8F /* DataManager.swift in Sources */,
				21D4288F2BD136BF00C02F8F /* AppDelegate.swift in Sources */,
				21D428992BD1596A00C02F8F /* ViewModel.swift in Sources */,
				214439892BCEB0AC006950E4 /* Worry_BinApp.swift in Sources */,
			);
			runOnlyForDeploymentPostprocessing = 0;
		};
/* End PBXSourcesBuildPhase section */

/* Begin XCBuildConfiguration section */
		214439912BCEB0AD006950E4 /* Debug */ = {
			isa = XCBuildConfiguration;
			buildSettings = {
				ALWAYS_SEARCH_USER_PATHS = NO;
				ASSETCATALOG_COMPILER_GENERATE_SWIFT_ASSET_SYMBOL_EXTENSIONS = YES;
				CLANG_ANALYZER_NONNULL = YES;
				CLANG_ANALYZER_NUMBER_OBJECT_CONVERSION = YES_AGGRESSIVE;
				CLANG_CXX_LANGUAGE_STANDARD = "gnu++20";
				CLANG_ENABLE_MODULES = YES;
				CLANG_ENABLE_OBJC_ARC = YES;
				CLANG_ENABLE_OBJC_WEAK = YES;
				CLANG_WARN_BLOCK_CAPTURE_AUTORELEASING = YES;
				CLANG_WARN_BOOL_CONVERSION = YES;
				CLANG_WARN_COMMA = YES;
				CLANG_WARN_CONSTANT_CONVERSION = YES;
				CLANG_WARN_DEPRECATED_OBJC_IMPLEMENTATIONS = YES;
				CLANG_WARN_DIRECT_OBJC_ISA_USAGE = YES_ERROR;
				CLANG_WARN_DOCUMENTATION_COMMENTS = YES;
				CLANG_WARN_EMPTY_BODY = YES;
				CLANG_WARN_ENUM_CONVERSION = YES;
				CLANG_WARN_INFINITE_RECURSION = YES;
				CLANG_WARN_INT_CONVERSION = YES;
				CLANG_WARN_NON_LITERAL_NULL_CONVERSION = YES;
				CLANG_WARN_OBJC_IMPLICIT_RETAIN_SELF = YES;
				CLANG_WARN_OBJC_LITERAL_CONVERSION = YES;
				CLANG_WARN_OBJC_ROOT_CLASS = YES_ERROR;
				CLANG_WARN_QUOTED_INCLUDE_IN_FRAMEWORK_HEADER = YES;
				CLANG_WARN_RANGE_LOOP_ANALYSIS = YES;
				CLANG_WARN_STRICT_PROTOTYPES = YES;
				CLANG_WARN_SUSPICIOUS_MOVE = YES;
				CLANG_WARN_UNGUARDED_AVAILABILITY = YES_AGGRESSIVE;
				CLANG_WARN_UNREACHABLE_CODE = YES;
				CLANG_WARN__DUPLICATE_METHOD_MATCH = YES;
				COPY_PHASE_STRIP = NO;
				DEBUG_INFORMATION_FORMAT = dwarf;
				ENABLE_STRICT_OBJC_MSGSEND = YES;
				ENABLE_TESTABILITY = YES;
				ENABLE_USER_SCRIPT_SANDBOXING = YES;
				GCC_C_LANGUAGE_STANDARD = gnu17;
				GCC_DYNAMIC_NO_PIC = NO;
				GCC_NO_COMMON_BLOCKS = YES;
				GCC_OPTIMIZATION_LEVEL = 0;
				GCC_PREPROCESSOR_DEFINITIONS = (
					"DEBUG=1",
					"$(inherited)",
				);
				GCC_WARN_64_TO_32_BIT_CONVERSION = YES;
				GCC_WARN_ABOUT_RETURN_TYPE = YES_ERROR;
				GCC_WARN_UNDECLARED_SELECTOR = YES;
				GCC_WARN_UNINITIALIZED_AUTOS = YES_AGGRESSIVE;
				GCC_WARN_UNUSED_FUNCTION = YES;
				GCC_WARN_UNUSED_VARIABLE = YES;
				IPHONEOS_DEPLOYMENT_TARGET = 17.2;
				LOCALIZATION_PREFERS_STRING_CATALOGS = YES;
				MTL_ENABLE_DEBUG_INFO = INCLUDE_SOURCE;
				MTL_FAST_MATH = YES;
				ONLY_ACTIVE_ARCH = YES;
				SDKROOT = iphoneos;
				SWIFT_ACTIVE_COMPILATION_CONDITIONS = "DEBUG $(inherited)";
				SWIFT_OPTIMIZATION_LEVEL = "-Onone";
			};
			name = Debug;
		};
		214439922BCEB0AD006950E4 /* Release */ = {
			isa = XCBuildConfiguration;
			buildSettings = {
				ALWAYS_SEARCH_USER_PATHS = NO;
				ASSETCATALOG_COMPILER_GENERATE_SWIFT_ASSET_SYMBOL_EXTENSIONS = YES;
				CLANG_ANALYZER_NONNULL = YES;
				CLANG_ANALYZER_NUMBER_OBJECT_CONVERSION = YES_AGGRESSIVE;
				CLANG_CXX_LANGUAGE_STANDARD = "gnu++20";
				CLANG_ENABLE_MODULES = YES;
				CLANG_ENABLE_OBJC_ARC = YES;
				CLANG_ENABLE_OBJC_WEAK = YES;
				CLANG_WARN_BLOCK_CAPTURE_AUTORELEASING = YES;
				CLANG_WARN_BOOL_CONVERSION = YES;
				CLANG_WARN_COMMA = YES;
				CLANG_WARN_CONSTANT_CONVERSION = YES;
				CLANG_WARN_DEPRECATED_OBJC_IMPLEMENTATIONS = YES;
				CLANG_WARN_DIRECT_OBJC_ISA_USAGE = YES_ERROR;
				CLANG_WARN_DOCUMENTATION_COMMENTS = YES;
				CLANG_WARN_EMPTY_BODY = YES;
				CLANG_WARN_ENUM_CONVERSION = YES;
				CLANG_WARN_INFINITE_RECURSION = YES;
				CLANG_WARN_INT_CONVERSION = YES;
				CLANG_WARN_NON_LITERAL_NULL_CONVERSION = YES;
				CLANG_WARN_OBJC_IMPLICIT_RETAIN_SELF = YES;
				CLANG_WARN_OBJC_LITERAL_CONVERSION = YES;
				CLANG_WARN_OBJC_ROOT_CLASS = YES_ERROR;
				CLANG_WARN_QUOTED_INCLUDE_IN_FRAMEWORK_HEADER = YES;
				CLANG_WARN_RANGE_LOOP_ANALYSIS = YES;
				CLANG_WARN_STRICT_PROTOTYPES = YES;
				CLANG_WARN_SUSPICIOUS_MOVE = YES;
				CLANG_WARN_UNGUARDED_AVAILABILITY = YES_AGGRESSIVE;
				CLANG_WARN_UNREACHABLE_CODE = YES;
				CLANG_WARN__DUPLICATE_METHOD_MATCH = YES;
				COPY_PHASE_STRIP = NO;
				DEBUG_INFORMATION_FORMAT = "dwarf-with-dsym";
				ENABLE_NS_ASSERTIONS = NO;
				ENABLE_STRICT_OBJC_MSGSEND = YES;
				ENABLE_USER_SCRIPT_SANDBOXING = YES;
				GCC_C_LANGUAGE_STANDARD = gnu17;
				GCC_NO_COMMON_BLOCKS = YES;
				GCC_WARN_64_TO_32_BIT_CONVERSION = YES;
				GCC_WARN_ABOUT_RETURN_TYPE = YES_ERROR;
				GCC_WARN_UNDECLARED_SELECTOR = YES;
				GCC_WARN_UNINITIALIZED_AUTOS = YES_AGGRESSIVE;
				GCC_WARN_UNUSED_FUNCTION = YES;
				GCC_WARN_UNUSED_VARIABLE = YES;
				IPHONEOS_DEPLOYMENT_TARGET = 17.2;
				LOCALIZATION_PREFERS_STRING_CATALOGS = YES;
				MTL_ENABLE_DEBUG_INFO = NO;
				MTL_FAST_MATH = YES;
				SDKROOT = iphoneos;
				SWIFT_COMPILATION_MODE = wholemodule;
				VALIDATE_PRODUCT = YES;
			};
			name = Release;
		};
		214439942BCEB0AD006950E4 /* Debug */ = {
			isa = XCBuildConfiguration;
			buildSettings = {
				ASSETCATALOG_COMPILER_APPICON_NAME = AppIcon;
				ASSETCATALOG_COMPILER_GLOBAL_ACCENT_COLOR_NAME = AccentColor;
				CODE_SIGN_STYLE = Automatic;
				CURRENT_PROJECT_VERSION = 3.3;
				DEVELOPMENT_ASSET_PATHS = "\"Worry Bin/Preview Content\"";
				DEVELOPMENT_TEAM = L295MT4VTH;
				ENABLE_PREVIEWS = YES;
				GENERATE_INFOPLIST_FILE = YES;
				INFOPLIST_KEY_UIApplicationSceneManifest_Generation = YES;
				INFOPLIST_KEY_UIApplicationSupportsIndirectInputEvents = YES;
				INFOPLIST_KEY_UILaunchScreen_Generation = YES;
				INFOPLIST_KEY_UISupportedInterfaceOrientations_iPad = "UIInterfaceOrientationPortrait UIInterfaceOrientationPortraitUpsideDown UIInterfaceOrientationLandscapeLeft UIInterfaceOrientationLandscapeRight";
				INFOPLIST_KEY_UISupportedInterfaceOrientations_iPhone = "UIInterfaceOrientationPortrait UIInterfaceOrientationLandscapeLeft UIInterfaceOrientationLandscapeRight";
				IPHONEOS_DEPLOYMENT_TARGET = 14.0;
				LD_RUNPATH_SEARCH_PATHS = (
					"$(inherited)",
					"@executable_path/Frameworks",
				);
				MARKETING_VERSION = 7.333;
				PRODUCT_BUNDLE_IDENTIFIER = "PieterNatanael.Worry-Bin";
				PRODUCT_NAME = "$(TARGET_NAME)";
				SWIFT_EMIT_LOC_STRINGS = YES;
				SWIFT_VERSION = 5.0;
				TARGETED_DEVICE_FAMILY = "1,2";
			};
			name = Debug;
		};
		214439952BCEB0AD006950E4 /* Release */ = {
			isa = XCBuildConfiguration;
			buildSettings = {
				ASSETCATALOG_COMPILER_APPICON_NAME = AppIcon;
				ASSETCATALOG_COMPILER_GLOBAL_ACCENT_COLOR_NAME = AccentColor;
				CODE_SIGN_STYLE = Automatic;
				CURRENT_PROJECT_VERSION = 3.3;
				DEVELOPMENT_ASSET_PATHS = "\"Worry Bin/Preview Content\"";
				DEVELOPMENT_TEAM = L295MT4VTH;
				ENABLE_PREVIEWS = YES;
				GENERATE_INFOPLIST_FILE = YES;
				INFOPLIST_KEY_UIApplicationSceneManifest_Generation = YES;
				INFOPLIST_KEY_UIApplicationSupportsIndirectInputEvents = YES;
				INFOPLIST_KEY_UILaunchScreen_Generation = YES;
				INFOPLIST_KEY_UISupportedInterfaceOrientations_iPad = "UIInterfaceOrientationPortrait UIInterfaceOrientationPortraitUpsideDown UIInterfaceOrientationLandscapeLeft UIInterfaceOrientationLandscapeRight";
				INFOPLIST_KEY_UISupportedInterfaceOrientations_iPhone = "UIInterfaceOrientationPortrait UIInterfaceOrientationLandscapeLeft UIInterfaceOrientationLandscapeRight";
				IPHONEOS_DEPLOYMENT_TARGET = 14.0;
				LD_RUNPATH_SEARCH_PATHS = (
					"$(inherited)",
					"@executable_path/Frameworks",
				);
				MARKETING_VERSION = 7.333;
				PRODUCT_BUNDLE_IDENTIFIER = "PieterNatanael.Worry-Bin";
				PRODUCT_NAME = "$(TARGET_NAME)";
				SWIFT_EMIT_LOC_STRINGS = YES;
				SWIFT_VERSION = 5.0;
				TARGETED_DEVICE_FAMILY = "1,2";
			};
			name = Release;
		};
/* End XCBuildConfiguration section */

/* Begin XCConfigurationList section */
		214439802BCEB0AC006950E4 /* Build configuration list for PBXProject "Worry Bin" */ = {
			isa = XCConfigurationList;
			buildConfigurations = (
				214439912BCEB0AD006950E4 /* Debug */,
				214439922BCEB0AD006950E4 /* Release */,
			);
			defaultConfigurationIsVisible = 0;
			defaultConfigurationName = Release;
		};
		214439932BCEB0AD006950E4 /* Build configuration list for PBXNativeTarget "Worry Bin" */ = {
			isa = XCConfigurationList;
			buildConfigurations = (
				214439942BCEB0AD006950E4 /* Debug */,
				214439952BCEB0AD006950E4 /* Release */,
			);
			defaultConfigurationIsVisible = 0;
			defaultConfigurationName = Release;
		};
/* End XCConfigurationList section */
	};
	rootObject = 2144397D2BCEB0AC006950E4 /* Project object */;
}
